{
  "requires": true,
  "lockfileVersion": 1,
  "dependencies": {
    "fullcalendar": {
      "version": "5.5.1",
      "resolved": "https://registry.npmjs.org/fullcalendar/-/fullcalendar-5.5.1.tgz",
      "integrity": "sha512-QNo4RPm7uvboCkqFEANH0dvYidwlsDzQ4ErMHZjNwLnFOqm+StkIW1K5w82fEyOvznItwyAigrdkSCh2ZUd0JQ=="
    }
  }
}
